
Microsoft Visual Studio Solution File, Format Version 12.00
# Visual Studio Version 17
VisualStudioVersion = 17.12.35506.116 d17.12
MinimumVisualStudioVersion = 10.0.40219.1
Project("{FAE04EC0-301F-11D3-BF4B-00C04F79EFBC}") = "Efforeignkeytask", "Efforeignkeytask\Efforeignkeytask.csproj", "{B41C668E-92FD-47B8-816D-6369F641A5F5}"
EndProject
Project("{FAE04EC0-301F-11D3-BF4B-00C04F79EFBC}") = "Domain", "Domain\Domain.csproj", "{0BACB275-CD28-4EF3-BA93-1D98ECA8D9B0}"
EndProject
Global
	GlobalSection(SolutionConfigurationPlatforms) = preSolution
		Debug|Any CPU = Debug|Any CPU
		Release|Any CPU = Release|Any CPU
	EndGlobalSection
	GlobalSection(ProjectConfigurationPlatforms) = postSolution
		{B41C668E-92FD-47B8-816D-6369F641A5F5}.Debug|Any CPU.ActiveCfg = Debug|Any CPU
		{B41C668E-92FD-47B8-816D-6369F641A5F5}.Debug|Any CPU.Build.0 = Debug|Any CPU
		{B41C668E-92FD-47B8-816D-6369F641A5F5}.Release|Any CPU.ActiveCfg = Release|Any CPU
		{B41C668E-92FD-47B8-816D-6369F641A5F5}.Release|Any CPU.Build.0 = Release|Any CPU
		{0BACB275-CD28-4EF3-BA93-1D98ECA8D9B0}.Debug|Any CPU.ActiveCfg = Debug|Any CPU
		{0BACB275-CD28-4EF3-BA93-1D98ECA8D9B0}.Debug|Any CPU.Build.0 = Debug|Any CPU
		{0BACB275-CD28-4EF3-BA93-1D98ECA8D9B0}.Release|Any CPU.ActiveCfg = Release|Any CPU
		{0BACB275-CD28-4EF3-BA93-1D98ECA8D9B0}.Release|Any CPU.Build.0 = Release|Any CPU
	EndGlobalSection
	GlobalSection(SolutionProperties) = preSolution
		HideSolutionNode = FALSE
	EndGlobalSection
EndGlobal
